{
	"name": "incubation-committee",
	"requires": true,
	"lockfileVersion": 1,
	"dependencies": {
		"husky": {
			"version": "7.0.4",
			"resolved": "https://registry.npmjs.org/husky/-/husky-7.0.4.tgz",
			"integrity": "sha512-vbaCKN2QLtP/vD4yvs6iz6hBEo6wkSzs8HpRah1Z6aGmF2KW5PdYuAd7uX5a+OyBZHBhd+TFLqgjUgytQr4RvQ==",
			"dev": true
		},
		"prettier": {
			"version": "2.3.2",
			"resolved": "https://registry.npmjs.org/prettier/-/prettier-2.3.2.tgz",
			"integrity": "sha512-lnJzDfJ66zkMy58OL5/NY5zp70S7Nz6KqcKkXYzn2tMVrNxvbqaBpg7H3qHaLxCJ5lNMsGuM8+ohS7cZrthdLQ==",
			"dev": true
		}
	}
}
