{
	"name": "incubation-committee",
	"requires": true,
	"lockfileVersion": 1,
	"dependencies": {
		"husky": {
			"version": "7.0.1",
			"resolved": "https://registry.npmjs.org/husky/-/husky-7.0.1.tgz",
			"integrity": "sha512-gceRaITVZ+cJH9sNHqx5tFwbzlLCVxtVZcusME8JYQ8Edy5mpGDOqD8QBCdMhpyo9a+JXddnujQ4rpY2Ff9SJA==",
			"dev": true
		},
		"prettier": {
			"version": "2.3.1",
			"resolved": "https://registry.npmjs.org/prettier/-/prettier-2.3.1.tgz",
			"integrity": "sha512-p+vNbgpLjif/+D+DwAZAbndtRrR0md0MwfmOVN9N+2RgyACMT+7tfaRnT+WDPkqnuVwleyuBIG2XBxKDme3hPA==",
			"dev": true
		}
	}
}
